
Microsoft Visual Studio Solution File, Format Version 12.00
# Visual Studio Version 16
VisualStudioVersion = 16.0.32602.291
MinimumVisualStudioVersion = 10.0.40219.1
Project("{9A19103F-16F7-4668-BE54-9A1E7A4F7556}") = "Pms.Timesheets.Domain", "Pms.Timesheets.Domain\Pms.Timesheets.Domain.csproj", "{488EEDA0-3A95-44B6-9EA7-5B175483C413}"
EndProject
Project("{9A19103F-16F7-4668-BE54-9A1E7A4F7556}") = "Pms.Timesheets.Persistence", "Pms.Timesheets.Persistence\Pms.Timesheets.Persistence.csproj", "{E62AC9BB-6B14-4882-8D08-65CB8BFE506B}"
EndProject
Project("{9A19103F-16F7-4668-BE54-9A1E7A4F7556}") = "Pms.Timesheets.ServiceLayer.EfCore", "Pms.Timesheets.ServiceLayer.EfCore\Pms.Timesheets.ServiceLayer.EfCore.csproj", "{83A37986-2C9D-475F-9F8B-CC04C33ADB8F}"
EndProject
Project("{9A19103F-16F7-4668-BE54-9A1E7A4F7556}") = "Pms.Timesheets.ServiceLayer.TimeSystem", "Pms.Timesheets.ServiceLayer.TimeSystem\Pms.Timesheets.ServiceLayer.TimeSystem.csproj", "{2BB8D0EB-80AA-4F4D-B43D-72B3BFEC9DDA}"
EndProject
Project("{9A19103F-16F7-4668-BE54-9A1E7A4F7556}") = "Pms.Timesheets.Tests", "Pms.Timesheets.Tests\Pms.Timesheets.Tests.csproj", "{AE2CB0DA-E07F-49AB-B52C-5614CA98629F}"
EndProject
Project("{9A19103F-16F7-4668-BE54-9A1E7A4F7556}") = "Pms.Timesheets.ServiceLayer.Files", "Pms.Timesheets.ServiceLayer.Files\Pms.Timesheets.ServiceLayer.Files.csproj", "{FCB58D67-842C-4F65-B37B-15E0C903B765}"
EndProject
Global
	GlobalSection(SolutionConfigurationPlatforms) = preSolution
		Debug|Any CPU = Debug|Any CPU
		Release|Any CPU = Release|Any CPU
	EndGlobalSection
	GlobalSection(ProjectConfigurationPlatforms) = postSolution
		{488EEDA0-3A95-44B6-9EA7-5B175483C413}.Debug|Any CPU.ActiveCfg = Debug|Any CPU
		{488EEDA0-3A95-44B6-9EA7-5B175483C413}.Debug|Any CPU.Build.0 = Debug|Any CPU
		{488EEDA0-3A95-44B6-9EA7-5B175483C413}.Release|Any CPU.ActiveCfg = Release|Any CPU
		{488EEDA0-3A95-44B6-9EA7-5B175483C413}.Release|Any CPU.Build.0 = Release|Any CPU
		{E62AC9BB-6B14-4882-8D08-65CB8BFE506B}.Debug|Any CPU.ActiveCfg = Debug|Any CPU
		{E62AC9BB-6B14-4882-8D08-65CB8BFE506B}.Debug|Any CPU.Build.0 = Debug|Any CPU
		{E62AC9BB-6B14-4882-8D08-65CB8BFE506B}.Release|Any CPU.ActiveCfg = Release|Any CPU
		{E62AC9BB-6B14-4882-8D08-65CB8BFE506B}.Release|Any CPU.Build.0 = Release|Any CPU
		{83A37986-2C9D-475F-9F8B-CC04C33ADB8F}.Debug|Any CPU.ActiveCfg = Debug|Any CPU
		{83A37986-2C9D-475F-9F8B-CC04C33ADB8F}.Debug|Any CPU.Build.0 = Debug|Any CPU
		{83A37986-2C9D-475F-9F8B-CC04C33ADB8F}.Release|Any CPU.ActiveCfg = Release|Any CPU
		{83A37986-2C9D-475F-9F8B-CC04C33ADB8F}.Release|Any CPU.Build.0 = Release|Any CPU
		{2BB8D0EB-80AA-4F4D-B43D-72B3BFEC9DDA}.Debug|Any CPU.ActiveCfg = Debug|Any CPU
		{2BB8D0EB-80AA-4F4D-B43D-72B3BFEC9DDA}.Debug|Any CPU.Build.0 = Debug|Any CPU
		{2BB8D0EB-80AA-4F4D-B43D-72B3BFEC9DDA}.Release|Any CPU.ActiveCfg = Release|Any CPU
		{2BB8D0EB-80AA-4F4D-B43D-72B3BFEC9DDA}.Release|Any CPU.Build.0 = Release|Any CPU
		{AE2CB0DA-E07F-49AB-B52C-5614CA98629F}.Debug|Any CPU.ActiveCfg = Debug|Any CPU
		{AE2CB0DA-E07F-49AB-B52C-5614CA98629F}.Debug|Any CPU.Build.0 = Debug|Any CPU
		{AE2CB0DA-E07F-49AB-B52C-5614CA98629F}.Release|Any CPU.ActiveCfg = Release|Any CPU
		{AE2CB0DA-E07F-49AB-B52C-5614CA98629F}.Release|Any CPU.Build.0 = Release|Any CPU
		{FCB58D67-842C-4F65-B37B-15E0C903B765}.Debug|Any CPU.ActiveCfg = Debug|Any CPU
		{FCB58D67-842C-4F65-B37B-15E0C903B765}.Debug|Any CPU.Build.0 = Debug|Any CPU
		{FCB58D67-842C-4F65-B37B-15E0C903B765}.Release|Any CPU.ActiveCfg = Release|Any CPU
		{FCB58D67-842C-4F65-B37B-15E0C903B765}.Release|Any CPU.Build.0 = Release|Any CPU
	EndGlobalSection
	GlobalSection(SolutionProperties) = preSolution
		HideSolutionNode = FALSE
	EndGlobalSection
	GlobalSection(ExtensibilityGlobals) = postSolution
		SolutionGuid = {639DA9A4-F730-4405-B973-413D531239D1}
	EndGlobalSection
EndGlobal
